
Microsoft Visual Studio Solution File, Format Version 12.00
# Visual Studio 15
VisualStudioVersion = 15.0.27130.2036
MinimumVisualStudioVersion = 10.0.40219.1
Project("{FAE04EC0-301F-11D3-BF4B-00C04F79EFBC}") = "XamarinPrismApp", "XamarinPrismApp\XamarinPrismApp\XamarinPrismApp.csproj", "{A74369AB-039D-4334-B0D5-716BBA83EFEA}"
EndProject
Project("{FAE04EC0-301F-11D3-BF4B-00C04F79EFBC}") = "XamarinPrismApp.Android", "XamarinPrismApp\XamarinPrismApp.Android\XamarinPrismApp.Android.csproj", "{66B384D3-8FF3-4AA0-B0F1-58E89DF29958}"
EndProject
Project("{FAE04EC0-301F-11D3-BF4B-00C04F79EFBC}") = "XamarinPrismApp.iOS", "XamarinPrismApp\XamarinPrismApp.iOS\XamarinPrismApp.iOS.csproj", "{234BC0E5-5B85-4FFD-A820-6F4CCEA583AF}"
EndProject
Project("{FAE04EC0-301F-11D3-BF4B-00C04F79EFBC}") = "XamarinPrismApp.UWP", "XamarinPrismApp\XamarinPrismApp.UWP\XamarinPrismApp.UWP.csproj", "{E9F3B1D0-E150-4678-9990-002431886B00}"
EndProject
Global
	GlobalSection(SolutionConfigurationPlatforms) = preSolution
		Ad-Hoc|Any CPU = Ad-Hoc|Any CPU
		Ad-Hoc|ARM = Ad-Hoc|ARM
		Ad-Hoc|iPhone = Ad-Hoc|iPhone
		Ad-Hoc|iPhoneSimulator = Ad-Hoc|iPhoneSimulator
		Ad-Hoc|x64 = Ad-Hoc|x64
		AppStore|Any CPU = AppStore|Any CPU
		AppStore|ARM = AppStore|ARM
		AppStore|iPhone = AppStore|iPhone
		AppStore|iPhoneSimulator = AppStore|iPhoneSimulator
		AppStore|x64 = AppStore|x64
		Debug|Any CPU = Debug|Any CPU
		Debug|ARM = Debug|ARM
		Debug|iPhone = Debug|iPhone
		Debug|iPhoneSimulator = Debug|iPhoneSimulator
		Debug|x64 = Debug|x64
		Release|Any CPU = Release|Any CPU
		Release|ARM = Release|ARM
		Release|iPhone = Release|iPhone
		Release|iPhoneSimulator = Release|iPhoneSimulator
		Release|x64 = Release|x64
	EndGlobalSection
	GlobalSection(ProjectConfigurationPlatforms) = postSolution
		{A74369AB-039D-4334-B0D5-716BBA83EFEA}.Ad-Hoc|Any CPU.ActiveCfg = Debug|Any CPU
		{A74369AB-039D-4334-B0D5-716BBA83EFEA}.Ad-Hoc|Any CPU.Build.0 = Debug|Any CPU
		{A74369AB-039D-4334-B0D5-716BBA83EFEA}.Ad-Hoc|ARM.ActiveCfg = Debug|Any CPU
		{A74369AB-039D-4334-B0D5-716BBA83EFEA}.Ad-Hoc|ARM.Build.0 = Debug|Any CPU
		{A74369AB-039D-4334-B0D5-716BBA83EFEA}.Ad-Hoc|iPhone.ActiveCfg = Debug|Any CPU
		{A74369AB-039D-4334-B0D5-716BBA83EFEA}.Ad-Hoc|iPhone.Build.0 = Debug|Any CPU
		{A74369AB-039D-4334-B0D5-716BBA83EFEA}.Ad-Hoc|iPhoneSimulator.ActiveCfg = Debug|Any CPU
		{A74369AB-039D-4334-B0D5-716BBA83EFEA}.Ad-Hoc|iPhoneSimulator.Build.0 = Debug|Any CPU
		{A74369AB-039D-4334-B0D5-716BBA83EFEA}.Ad-Hoc|x64.ActiveCfg = Debug|Any CPU
		{A74369AB-039D-4334-B0D5-716BBA83EFEA}.Ad-Hoc|x64.Build.0 = Debug|Any CPU
		{A74369AB-039D-4334-B0D5-716BBA83EFEA}.AppStore|Any CPU.ActiveCfg = Debug|Any CPU
		{A74369AB-039D-4334-B0D5-716BBA83EFEA}.AppStore|Any CPU.Build.0 = Debug|Any CPU
		{A74369AB-039D-4334-B0D5-716BBA83EFEA}.AppStore|ARM.ActiveCfg = Debug|Any CPU
		{A74369AB-039D-4334-B0D5-716BBA83EFEA}.AppStore|ARM.Build.0 = Debug|Any CPU
		{A74369AB-039D-4334-B0D5-716BBA83EFEA}.AppStore|iPhone.ActiveCfg = Debug|Any CPU
		{A74369AB-039D-4334-B0D5-716BBA83EFEA}.AppStore|iPhone.Build.0 = Debug|Any CPU
		{A74369AB-039D-4334-B0D5-716BBA83EFEA}.AppStore|iPhoneSimulator.ActiveCfg = Debug|Any CPU
		{A74369AB-039D-4334-B0D5-716BBA83EFEA}.AppStore|iPhoneSimulator.Build.0 = Debug|Any CPU
		{A74369AB-039D-4334-B0D5-716BBA83EFEA}.AppStore|x64.ActiveCfg = Debug|Any CPU
		{A74369AB-039D-4334-B0D5-716BBA83EFEA}.AppStore|x64.Build.0 = Debug|Any CPU
		{A74369AB-039D-4334-B0D5-716BBA83EFEA}.Debug|Any CPU.ActiveCfg = Debug|Any CPU
		{A74369AB-039D-4334-B0D5-716BBA83EFEA}.Debug|Any CPU.Build.0 = Debug|Any CPU
		{A74369AB-039D-4334-B0D5-716BBA83EFEA}.Debug|ARM.ActiveCfg = Debug|Any CPU
		{A74369AB-039D-4334-B0D5-716BBA83EFEA}.Debug|ARM.Build.0 = Debug|Any CPU
		{A74369AB-039D-4334-B0D5-716BBA83EFEA}.Debug|iPhone.ActiveCfg = Debug|Any CPU
		{A74369AB-039D-4334-B0D5-716BBA83EFEA}.Debug|iPhone.Build.0 = Debug|Any CPU
		{A74369AB-039D-4334-B0D5-716BBA83EFEA}.Debug|iPhoneSimulator.ActiveCfg = Debug|Any CPU
		{A74369AB-039D-4334-B0D5-716BBA83EFEA}.Debug|iPhoneSimulator.Build.0 = Debug|Any CPU
		{A74369AB-039D-4334-B0D5-716BBA83EFEA}.Debug|x64.ActiveCfg = Debug|Any CPU
		{A74369AB-039D-4334-B0D5-716BBA83EFEA}.Debug|x64.Build.0 = Debug|Any CPU
		{A74369AB-039D-4334-B0D5-716BBA83EFEA}.Release|Any CPU.ActiveCfg = Release|Any CPU
		{A74369AB-039D-4334-B0D5-716BBA83EFEA}.Release|Any CPU.Build.0 = Release|Any CPU
		{A74369AB-039D-4334-B0D5-716BBA83EFEA}.Release|ARM.ActiveCfg = Release|Any CPU
		{A74369AB-039D-4334-B0D5-716BBA83EFEA}.Release|ARM.Build.0 = Release|Any CPU
		{A74369AB-039D-4334-B0D5-716BBA83EFEA}.Release|iPhone.ActiveCfg = Release|Any CPU
		{A74369AB-039D-4334-B0D5-716BBA83EFEA}.Release|iPhone.Build.0 = Release|Any CPU
		{A74369AB-039D-4334-B0D5-716BBA83EFEA}.Release|iPhoneSimulator.ActiveCfg = Release|Any CPU
		{A74369AB-039D-4334-B0D5-716BBA83EFEA}.Release|iPhoneSimulator.Build.0 = Release|Any CPU
		{A74369AB-039D-4334-B0D5-716BBA83EFEA}.Release|x64.ActiveCfg = Release|Any CPU
		{A74369AB-039D-4334-B0D5-716BBA83EFEA}.Release|x64.Build.0 = Release|Any CPU
		{66B384D3-8FF3-4AA0-B0F1-58E89DF29958}.Ad-Hoc|Any CPU.ActiveCfg = Release|Any CPU
		{66B384D3-8FF3-4AA0-B0F1-58E89DF29958}.Ad-Hoc|Any CPU.Build.0 = Release|Any CPU
		{66B384D3-8FF3-4AA0-B0F1-58E89DF29958}.Ad-Hoc|Any CPU.Deploy.0 = Release|Any CPU
		{66B384D3-8FF3-4AA0-B0F1-58E89DF29958}.Ad-Hoc|ARM.ActiveCfg = Release|Any CPU
		{66B384D3-8FF3-4AA0-B0F1-58E89DF29958}.Ad-Hoc|ARM.Build.0 = Release|Any CPU
		{66B384D3-8FF3-4AA0-B0F1-58E89DF29958}.Ad-Hoc|ARM.Deploy.0 = Release|Any CPU
		{66B384D3-8FF3-4AA0-B0F1-58E89DF29958}.Ad-Hoc|iPhone.ActiveCfg = Release|Any CPU
		{66B384D3-8FF3-4AA0-B0F1-58E89DF29958}.Ad-Hoc|iPhone.Build.0 = Release|Any CPU
		{66B384D3-8FF3-4AA0-B0F1-58E89DF29958}.Ad-Hoc|iPhone.Deploy.0 = Release|Any CPU
		{66B384D3-8FF3-4AA0-B0F1-58E89DF29958}.Ad-Hoc|iPhoneSimulator.ActiveCfg = Release|Any CPU
		{66B384D3-8FF3-4AA0-B0F1-58E89DF29958}.Ad-Hoc|iPhoneSimulator.Build.0 = Release|Any CPU
		{66B384D3-8FF3-4AA0-B0F1-58E89DF29958}.Ad-Hoc|iPhoneSimulator.Deploy.0 = Release|Any CPU
		{66B384D3-8FF3-4AA0-B0F1-58E89DF29958}.Ad-Hoc|x64.ActiveCfg = Release|Any CPU
		{66B384D3-8FF3-4AA0-B0F1-58E89DF29958}.Ad-Hoc|x64.Build.0 = Release|Any CPU
		{66B384D3-8FF3-4AA0-B0F1-58E89DF29958}.Ad-Hoc|x64.Deploy.0 = Release|Any CPU
		{66B384D3-8FF3-4AA0-B0F1-58E89DF29958}.AppStore|Any CPU.ActiveCfg = Release|Any CPU
		{66B384D3-8FF3-4AA0-B0F1-58E89DF29958}.AppStore|Any CPU.Build.0 = Release|Any CPU
		{66B384D3-8FF3-4AA0-B0F1-58E89DF29958}.AppStore|Any CPU.Deploy.0 = Release|Any CPU
		{66B384D3-8FF3-4AA0-B0F1-58E89DF29958}.AppStore|ARM.ActiveCfg = Release|Any CPU
		{66B384D3-8FF3-4AA0-B0F1-58E89DF29958}.AppStore|ARM.Build.0 = Release|Any CPU
		{66B384D3-8FF3-4AA0-B0F1-58E89DF29958}.AppStore|ARM.Deploy.0 = Release|Any CPU
		{66B384D3-8FF3-4AA0-B0F1-58E89DF29958}.AppStore|iPhone.ActiveCfg = Release|Any CPU
		{66B384D3-8FF3-4AA0-B0F1-58E89DF29958}.AppStore|iPhone.Build.0 = Release|Any CPU
		{66B384D3-8FF3-4AA0-B0F1-58E89DF29958}.AppStore|iPhone.Deploy.0 = Release|Any CPU
		{66B384D3-8FF3-4AA0-B0F1-58E89DF29958}.AppStore|iPhoneSimulator.ActiveCfg = Release|Any CPU
		{66B384D3-8FF3-4AA0-B0F1-58E89DF29958}.AppStore|iPhoneSimulator.Build.0 = Release|Any CPU
		{66B384D3-8FF3-4AA0-B0F1-58E89DF29958}.AppStore|iPhoneSimulator.Deploy.0 = Release|Any CPU
		{66B384D3-8FF3-4AA0-B0F1-58E89DF29958}.AppStore|x64.ActiveCfg = Release|Any CPU
		{66B384D3-8FF3-4AA0-B0F1-58E89DF29958}.Debug|Any CPU.ActiveCfg = Debug|Any CPU
		{66B384D3-8FF3-4AA0-B0F1-58E89DF29958}.Debug|Any CPU.Build.0 = Debug|Any CPU
		{66B384D3-8FF3-4AA0-B0F1-58E89DF29958}.Debug|Any CPU.Deploy.0 = Debug|Any CPU
		{66B384D3-8FF3-4AA0-B0F1-58E89DF29958}.Debug|ARM.ActiveCfg = Debug|Any CPU
		{66B384D3-8FF3-4AA0-B0F1-58E89DF29958}.Debug|ARM.Build.0 = Debug|Any CPU
		{66B384D3-8FF3-4AA0-B0F1-58E89DF29958}.Debug|ARM.Deploy.0 = Debug|Any CPU
		{66B384D3-8FF3-4AA0-B0F1-58E89DF29958}.Debug|iPhone.ActiveCfg = Debug|Any CPU
		{66B384D3-8FF3-4AA0-B0F1-58E89DF29958}.Debug|iPhone.Build.0 = Debug|Any CPU
		{66B384D3-8FF3-4AA0-B0F1-58E89DF29958}.Debug|iPhone.Deploy.0 = Debug|Any CPU
		{66B384D3-8FF3-4AA0-B0F1-58E89DF29958}.Debug|iPhoneSimulator.ActiveCfg = Debug|Any CPU
		{66B384D3-8FF3-4AA0-B0F1-58E89DF29958}.Debug|iPhoneSimulator.Build.0 = Debug|Any CPU
		{66B384D3-8FF3-4AA0-B0F1-58E89DF29958}.Debug|iPhoneSimulator.Deploy.0 = Debug|Any CPU
		{66B384D3-8FF3-4AA0-B0F1-58E89DF29958}.Debug|x64.ActiveCfg = Debug|Any CPU
		{66B384D3-8FF3-4AA0-B0F1-58E89DF29958}.Release|Any CPU.ActiveCfg = Release|Any CPU
		{66B384D3-8FF3-4AA0-B0F1-58E89DF29958}.Release|Any CPU.Build.0 = Release|Any CPU
		{66B384D3-8FF3-4AA0-B0F1-58E89DF29958}.Release|Any CPU.Deploy.0 = Release|Any CPU
		{66B384D3-8FF3-4AA0-B0F1-58E89DF29958}.Release|ARM.ActiveCfg = Release|Any CPU
		{66B384D3-8FF3-4AA0-B0F1-58E89DF29958}.Release|ARM.Build.0 = Release|Any CPU
		{66B384D3-8FF3-4AA0-B0F1-58E89DF29958}.Release|ARM.Deploy.0 = Release|Any CPU
		{66B384D3-8FF3-4AA0-B0F1-58E89DF29958}.Release|iPhone.ActiveCfg = Release|Any CPU
		{66B384D3-8FF3-4AA0-B0F1-58E89DF29958}.Release|iPhoneSimulator.ActiveCfg = Release|Any CPU
		{66B384D3-8FF3-4AA0-B0F1-58E89DF29958}.Release|x64.ActiveCfg = Release|Any CPU
		{234BC0E5-5B85-4FFD-A820-6F4CCEA583AF}.Ad-Hoc|Any CPU.ActiveCfg = Ad-Hoc|iPhone
		{234BC0E5-5B85-4FFD-A820-6F4CCEA583AF}.Ad-Hoc|ARM.ActiveCfg = Ad-Hoc|iPhone
		{234BC0E5-5B85-4FFD-A820-6F4CCEA583AF}.Ad-Hoc|iPhone.ActiveCfg = Ad-Hoc|iPhone
		{234BC0E5-5B85-4FFD-A820-6F4CCEA583AF}.Ad-Hoc|iPhone.Build.0 = Ad-Hoc|iPhone
		{234BC0E5-5B85-4FFD-A820-6F4CCEA583AF}.Ad-Hoc|iPhoneSimulator.ActiveCfg = Ad-Hoc|iPhoneSimulator
		{234BC0E5-5B85-4FFD-A820-6F4CCEA583AF}.Ad-Hoc|iPhoneSimulator.Build.0 = Ad-Hoc|iPhoneSimulator
		{234BC0E5-5B85-4FFD-A820-6F4CCEA583AF}.Ad-Hoc|x64.ActiveCfg = Ad-Hoc|iPhone
		{234BC0E5-5B85-4FFD-A820-6F4CCEA583AF}.AppStore|Any CPU.ActiveCfg = AppStore|iPhone
		{234BC0E5-5B85-4FFD-A820-6F4CCEA583AF}.AppStore|ARM.ActiveCfg = AppStore|iPhone
		{234BC0E5-5B85-4FFD-A820-6F4CCEA583AF}.AppStore|iPhone.ActiveCfg = AppStore|iPhone
		{234BC0E5-5B85-4FFD-A820-6F4CCEA583AF}.AppStore|iPhone.Build.0 = AppStore|iPhone
		{234BC0E5-5B85-4FFD-A820-6F4CCEA583AF}.AppStore|iPhoneSimulator.ActiveCfg = AppStore|iPhoneSimulator
		{234BC0E5-5B85-4FFD-A820-6F4CCEA583AF}.AppStore|iPhoneSimulator.Build.0 = AppStore|iPhoneSimulator
		{234BC0E5-5B85-4FFD-A820-6F4CCEA583AF}.AppStore|x64.ActiveCfg = AppStore|iPhone
		{234BC0E5-5B85-4FFD-A820-6F4CCEA583AF}.AppStore|x64.Build.0 = AppStore|iPhone
		{234BC0E5-5B85-4FFD-A820-6F4CCEA583AF}.Debug|Any CPU.ActiveCfg = Debug|iPhone
		{234BC0E5-5B85-4FFD-A820-6F4CCEA583AF}.Debug|ARM.ActiveCfg = Debug|iPhone
		{234BC0E5-5B85-4FFD-A820-6F4CCEA583AF}.Debug|iPhone.ActiveCfg = Debug|iPhone
		{234BC0E5-5B85-4FFD-A820-6F4CCEA583AF}.Debug|iPhone.Build.0 = Debug|iPhone
		{234BC0E5-5B85-4FFD-A820-6F4CCEA583AF}.Debug|iPhoneSimulator.ActiveCfg = Debug|iPhoneSimulator
		{234BC0E5-5B85-4FFD-A820-6F4CCEA583AF}.Debug|iPhoneSimulator.Build.0 = Debug|iPhoneSimulator
		{234BC0E5-5B85-4FFD-A820-6F4CCEA583AF}.Debug|x64.ActiveCfg = Debug|iPhone
		{234BC0E5-5B85-4FFD-A820-6F4CCEA583AF}.Release|Any CPU.ActiveCfg = Release|iPhone
		{234BC0E5-5B85-4FFD-A820-6F4CCEA583AF}.Release|Any CPU.Build.0 = Release|iPhone
		{234BC0E5-5B85-4FFD-A820-6F4CCEA583AF}.Release|ARM.ActiveCfg = Release|iPhone
		{234BC0E5-5B85-4FFD-A820-6F4CCEA583AF}.Release|iPhone.ActiveCfg = Release|iPhone
		{234BC0E5-5B85-4FFD-A820-6F4CCEA583AF}.Release|iPhone.Build.0 = Release|iPhone
		{234BC0E5-5B85-4FFD-A820-6F4CCEA583AF}.Release|iPhoneSimulator.ActiveCfg = Release|iPhoneSimulator
		{234BC0E5-5B85-4FFD-A820-6F4CCEA583AF}.Release|iPhoneSimulator.Build.0 = Release|iPhoneSimulator
		{234BC0E5-5B85-4FFD-A820-6F4CCEA583AF}.Release|x64.ActiveCfg = Release|iPhone
		{E9F3B1D0-E150-4678-9990-002431886B00}.Ad-Hoc|Any CPU.ActiveCfg = Release|x64
		{E9F3B1D0-E150-4678-9990-002431886B00}.Ad-Hoc|Any CPU.Build.0 = Release|x64
		{E9F3B1D0-E150-4678-9990-002431886B00}.Ad-Hoc|Any CPU.Deploy.0 = Release|x64
		{E9F3B1D0-E150-4678-9990-002431886B00}.Ad-Hoc|ARM.ActiveCfg = Release|ARM
		{E9F3B1D0-E150-4678-9990-002431886B00}.Ad-Hoc|ARM.Build.0 = Release|ARM
		{E9F3B1D0-E150-4678-9990-002431886B00}.Ad-Hoc|ARM.Deploy.0 = Release|ARM
		{E9F3B1D0-E150-4678-9990-002431886B00}.Ad-Hoc|iPhone.ActiveCfg = Release|x64
		{E9F3B1D0-E150-4678-9990-002431886B00}.Ad-Hoc|iPhone.Build.0 = Release|x64
		{E9F3B1D0-E150-4678-9990-002431886B00}.Ad-Hoc|iPhone.Deploy.0 = Release|x64
		{E9F3B1D0-E150-4678-9990-002431886B00}.Ad-Hoc|iPhoneSimulator.ActiveCfg = Release|x64
		{E9F3B1D0-E150-4678-9990-002431886B00}.Ad-Hoc|iPhoneSimulator.Build.0 = Release|x64
		{E9F3B1D0-E150-4678-9990-002431886B00}.Ad-Hoc|iPhoneSimulator.Deploy.0 = Release|x64
		{E9F3B1D0-E150-4678-9990-002431886B00}.Ad-Hoc|x64.ActiveCfg = Release|x64
		{E9F3B1D0-E150-4678-9990-002431886B00}.Ad-Hoc|x64.Build.0 = Release|x64
		{E9F3B1D0-E150-4678-9990-002431886B00}.Ad-Hoc|x64.Deploy.0 = Release|x64
		{E9F3B1D0-E150-4678-9990-002431886B00}.AppStore|Any CPU.ActiveCfg = Release|x64
		{E9F3B1D0-E150-4678-9990-002431886B00}.AppStore|Any CPU.Build.0 = Release|x64
		{E9F3B1D0-E150-4678-9990-002431886B00}.AppStore|Any CPU.Deploy.0 = Release|x64
		{E9F3B1D0-E150-4678-9990-002431886B00}.AppStore|ARM.ActiveCfg = Release|ARM
		{E9F3B1D0-E150-4678-9990-002431886B00}.AppStore|ARM.Build.0 = Release|ARM
		{E9F3B1D0-E150-4678-9990-002431886B00}.AppStore|ARM.Deploy.0 = Release|ARM
		{E9F3B1D0-E150-4678-9990-002431886B00}.AppStore|iPhone.ActiveCfg = Release|x64
		{E9F3B1D0-E150-4678-9990-002431886B00}.AppStore|iPhone.Build.0 = Release|x64
		{E9F3B1D0-E150-4678-9990-002431886B00}.AppStore|iPhone.Deploy.0 = Release|x64
		{E9F3B1D0-E150-4678-9990-002431886B00}.AppStore|iPhoneSimulator.ActiveCfg = Release|x64
		{E9F3B1D0-E150-4678-9990-002431886B00}.AppStore|iPhoneSimulator.Build.0 = Release|x64
		{E9F3B1D0-E150-4678-9990-002431886B00}.AppStore|iPhoneSimulator.Deploy.0 = Release|x64
		{E9F3B1D0-E150-4678-9990-002431886B00}.AppStore|x64.ActiveCfg = Release|x64
		{E9F3B1D0-E150-4678-9990-002431886B00}.AppStore|x64.Build.0 = Release|x64
		{E9F3B1D0-E150-4678-9990-002431886B00}.AppStore|x64.Deploy.0 = Release|x64
		{E9F3B1D0-E150-4678-9990-002431886B00}.Debug|Any CPU.ActiveCfg = Debug|x64
		{E9F3B1D0-E150-4678-9990-002431886B00}.Debug|ARM.ActiveCfg = Debug|ARM
		{E9F3B1D0-E150-4678-9990-002431886B00}.Debug|ARM.Build.0 = Debug|ARM
		{E9F3B1D0-E150-4678-9990-002431886B00}.Debug|ARM.Deploy.0 = Debug|ARM
		{E9F3B1D0-E150-4678-9990-002431886B00}.Debug|iPhone.ActiveCfg = Debug|x64
		{E9F3B1D0-E150-4678-9990-002431886B00}.Debug|iPhoneSimulator.ActiveCfg = Debug|x64
		{E9F3B1D0-E150-4678-9990-002431886B00}.Debug|x64.ActiveCfg = Debug|x64
		{E9F3B1D0-E150-4678-9990-002431886B00}.Debug|x64.Build.0 = Debug|x64
		{E9F3B1D0-E150-4678-9990-002431886B00}.Debug|x64.Deploy.0 = Debug|x64
		{E9F3B1D0-E150-4678-9990-002431886B00}.Release|Any CPU.ActiveCfg = Release|x64
		{E9F3B1D0-E150-4678-9990-002431886B00}.Release|Any CPU.Build.0 = Release|x64
		{E9F3B1D0-E150-4678-9990-002431886B00}.Release|Any CPU.Deploy.0 = Release|x64
		{E9F3B1D0-E150-4678-9990-002431886B00}.Release|ARM.ActiveCfg = Release|ARM
		{E9F3B1D0-E150-4678-9990-002431886B00}.Release|ARM.Build.0 = Release|ARM
		{E9F3B1D0-E150-4678-9990-002431886B00}.Release|ARM.Deploy.0 = Release|ARM
		{E9F3B1D0-E150-4678-9990-002431886B00}.Release|iPhone.ActiveCfg = Release|x64
		{E9F3B1D0-E150-4678-9990-002431886B00}.Release|iPhoneSimulator.ActiveCfg = Release|x64
		{E9F3B1D0-E150-4678-9990-002431886B00}.Release|x64.ActiveCfg = Release|x64
		{E9F3B1D0-E150-4678-9990-002431886B00}.Release|x64.Build.0 = Release|x64
		{E9F3B1D0-E150-4678-9990-002431886B00}.Release|x64.Deploy.0 = Release|x64
	EndGlobalSection
	GlobalSection(SolutionProperties) = preSolution
		HideSolutionNode = FALSE
	EndGlobalSection
	GlobalSection(ExtensibilityGlobals) = postSolution
		SolutionGuid = {6807902F-1F05-4E4E-A232-830B114F6979}
	EndGlobalSection
EndGlobal
